
Microsoft Visual Studio Solution File, Format Version 12.00
# Visual Studio Version 17
VisualStudioVersion = 17.14.36414.22 d17.14
MinimumVisualStudioVersion = 10.0.40219.1
Project("{FAE04EC0-301F-11D3-BF4B-00C04F79EFBC}") = "ConsoleApp3", "ConsoleApp3.csproj", "{2F61D212-EA7C-41E0-B472-757E5C8406E3}"
EndProject
Global
	GlobalSection(SolutionConfigurationPlatforms) = preSolution
		Debug|Any CPU = Debug|Any CPU
		Release|Any CPU = Release|Any CPU
	EndGlobalSection
	GlobalSection(ProjectConfigurationPlatforms) = postSolution
		{2F61D212-EA7C-41E0-B472-757E5C8406E3}.Debug|Any CPU.ActiveCfg = Debug|Any CPU
		{2F61D212-EA7C-41E0-B472-757E5C8406E3}.Debug|Any CPU.Build.0 = Debug|Any CPU
		{2F61D212-EA7C-41E0-B472-757E5C8406E3}.Release|Any CPU.ActiveCfg = Release|Any CPU
		{2F61D212-EA7C-41E0-B472-757E5C8406E3}.Release|Any CPU.Build.0 = Release|Any CPU
	EndGlobalSection
	GlobalSection(SolutionProperties) = preSolution
		HideSolutionNode = FALSE
	EndGlobalSection
	GlobalSection(ExtensibilityGlobals) = postSolution
		SolutionGuid = {2B8B7EE1-2362-41FA-B710-2FB7E61C3B67}
	EndGlobalSection
EndGlobal
