
Microsoft Visual Studio Solution File, Format Version 12.00
# Visual Studio Version 17
VisualStudioVersion = 17.14.36414.22 d17.14
MinimumVisualStudioVersion = 10.0.40219.1
Project("{FAE04EC0-301F-11D3-BF4B-00C04F79EFBC}") = "TestPrametraizedQuery", "TestPrametraizedQuery.csproj", "{3103918B-E6FC-46EB-9AF8-00D1DFA6E51B}"
EndProject
Global
	GlobalSection(SolutionConfigurationPlatforms) = preSolution
		Debug|Any CPU = Debug|Any CPU
		Release|Any CPU = Release|Any CPU
	EndGlobalSection
	GlobalSection(ProjectConfigurationPlatforms) = postSolution
		{3103918B-E6FC-46EB-9AF8-00D1DFA6E51B}.Debug|Any CPU.ActiveCfg = Debug|Any CPU
		{3103918B-E6FC-46EB-9AF8-00D1DFA6E51B}.Debug|Any CPU.Build.0 = Debug|Any CPU
		{3103918B-E6FC-46EB-9AF8-00D1DFA6E51B}.Release|Any CPU.ActiveCfg = Release|Any CPU
		{3103918B-E6FC-46EB-9AF8-00D1DFA6E51B}.Release|Any CPU.Build.0 = Release|Any CPU
	EndGlobalSection
	GlobalSection(SolutionProperties) = preSolution
		HideSolutionNode = FALSE
	EndGlobalSection
	GlobalSection(ExtensibilityGlobals) = postSolution
		SolutionGuid = {62B9C7C7-54E7-41F7-B90B-22C9823D814F}
	EndGlobalSection
EndGlobal
