
Microsoft Visual Studio Solution File, Format Version 12.00
# Visual Studio Version 17
VisualStudioVersion = 17.14.36414.22 d17.14
MinimumVisualStudioVersion = 10.0.40219.1
Project("{FAE04EC0-301F-11D3-BF4B-00C04F79EFBC}") = "DataTable", "DataTable.csproj", "{88F4A814-1EEF-4818-9769-74316F036DF4}"
EndProject
Global
	GlobalSection(SolutionConfigurationPlatforms) = preSolution
		Debug|Any CPU = Debug|Any CPU
		Release|Any CPU = Release|Any CPU
	EndGlobalSection
	GlobalSection(ProjectConfigurationPlatforms) = postSolution
		{88F4A814-1EEF-4818-9769-74316F036DF4}.Debug|Any CPU.ActiveCfg = Debug|Any CPU
		{88F4A814-1EEF-4818-9769-74316F036DF4}.Debug|Any CPU.Build.0 = Debug|Any CPU
		{88F4A814-1EEF-4818-9769-74316F036DF4}.Release|Any CPU.ActiveCfg = Release|Any CPU
		{88F4A814-1EEF-4818-9769-74316F036DF4}.Release|Any CPU.Build.0 = Release|Any CPU
	EndGlobalSection
	GlobalSection(SolutionProperties) = preSolution
		HideSolutionNode = FALSE
	EndGlobalSection
	GlobalSection(ExtensibilityGlobals) = postSolution
		SolutionGuid = {1C1629D4-D426-40AE-BB65-3BF20C92422F}
	EndGlobalSection
EndGlobal
