
Microsoft Visual Studio Solution File, Format Version 12.00
# Visual Studio Version 17
VisualStudioVersion = 17.14.36414.22 d17.14
MinimumVisualStudioVersion = 10.0.40219.1
Project("{FAE04EC0-301F-11D3-BF4B-00C04F79EFBC}") = "Calculator Project", "Calculator Project.csproj", "{9E28E167-0827-4CDD-A837-E3D6A4135A26}"
EndProject
Global
	GlobalSection(SolutionConfigurationPlatforms) = preSolution
		Debug|Any CPU = Debug|Any CPU
		Release|Any CPU = Release|Any CPU
	EndGlobalSection
	GlobalSection(ProjectConfigurationPlatforms) = postSolution
		{9E28E167-0827-4CDD-A837-E3D6A4135A26}.Debug|Any CPU.ActiveCfg = Debug|Any CPU
		{9E28E167-0827-4CDD-A837-E3D6A4135A26}.Debug|Any CPU.Build.0 = Debug|Any CPU
		{9E28E167-0827-4CDD-A837-E3D6A4135A26}.Release|Any CPU.ActiveCfg = Release|Any CPU
		{9E28E167-0827-4CDD-A837-E3D6A4135A26}.Release|Any CPU.Build.0 = Release|Any CPU
	EndGlobalSection
	GlobalSection(SolutionProperties) = preSolution
		HideSolutionNode = FALSE
	EndGlobalSection
	GlobalSection(ExtensibilityGlobals) = postSolution
		SolutionGuid = {9DE2AC64-245B-4DBB-AC63-1A27DC7FDFF1}
	EndGlobalSection
EndGlobal
