
Microsoft Visual Studio Solution File, Format Version 12.00
# Visual Studio Version 17
VisualStudioVersion = 17.14.36408.4 d17.14
MinimumVisualStudioVersion = 10.0.40219.1
Project("{FAE04EC0-301F-11D3-BF4B-00C04F79EFBC}") = "ConsoleApp1", "ConsoleApp1.csproj", "{01425EFE-1B1F-4D70-9B07-BBFBCF31D10F}"
EndProject
Global
	GlobalSection(SolutionConfigurationPlatforms) = preSolution
		Debug|Any CPU = Debug|Any CPU
		Release|Any CPU = Release|Any CPU
	EndGlobalSection
	GlobalSection(ProjectConfigurationPlatforms) = postSolution
		{01425EFE-1B1F-4D70-9B07-BBFBCF31D10F}.Debug|Any CPU.ActiveCfg = Debug|Any CPU
		{01425EFE-1B1F-4D70-9B07-BBFBCF31D10F}.Debug|Any CPU.Build.0 = Debug|Any CPU
		{01425EFE-1B1F-4D70-9B07-BBFBCF31D10F}.Release|Any CPU.ActiveCfg = Release|Any CPU
		{01425EFE-1B1F-4D70-9B07-BBFBCF31D10F}.Release|Any CPU.Build.0 = Release|Any CPU
	EndGlobalSection
	GlobalSection(SolutionProperties) = preSolution
		HideSolutionNode = FALSE
	EndGlobalSection
	GlobalSection(ExtensibilityGlobals) = postSolution
		SolutionGuid = {315FE4B9-0E7D-4088-91B1-1BDF7A23C704}
	EndGlobalSection
EndGlobal
