
Microsoft Visual Studio Solution File, Format Version 12.00
# Visual Studio Version 17
VisualStudioVersion = 17.14.36414.22 d17.14
MinimumVisualStudioVersion = 10.0.40219.1
Project("{FAE04EC0-301F-11D3-BF4B-00C04F79EFBC}") = "Multible Document InterFace (MDI)", "Multible Document InterFace (MDI).csproj", "{55F4B0F2-A1A3-4628-964A-B95AAFE50A51}"
EndProject
Global
	GlobalSection(SolutionConfigurationPlatforms) = preSolution
		Debug|Any CPU = Debug|Any CPU
		Release|Any CPU = Release|Any CPU
	EndGlobalSection
	GlobalSection(ProjectConfigurationPlatforms) = postSolution
		{55F4B0F2-A1A3-4628-964A-B95AAFE50A51}.Debug|Any CPU.ActiveCfg = Debug|Any CPU
		{55F4B0F2-A1A3-4628-964A-B95AAFE50A51}.Debug|Any CPU.Build.0 = Debug|Any CPU
		{55F4B0F2-A1A3-4628-964A-B95AAFE50A51}.Release|Any CPU.ActiveCfg = Release|Any CPU
		{55F4B0F2-A1A3-4628-964A-B95AAFE50A51}.Release|Any CPU.Build.0 = Release|Any CPU
	EndGlobalSection
	GlobalSection(SolutionProperties) = preSolution
		HideSolutionNode = FALSE
	EndGlobalSection
	GlobalSection(ExtensibilityGlobals) = postSolution
		SolutionGuid = {D87369EB-7A8C-4A11-96AF-58B34A9D9CB8}
	EndGlobalSection
EndGlobal
