
Microsoft Visual Studio Solution File, Format Version 12.00
# Visual Studio Version 17
VisualStudioVersion = 17.14.36414.22 d17.14
MinimumVisualStudioVersion = 10.0.40219.1
Project("{FAE04EC0-301F-11D3-BF4B-00C04F79EFBC}") = "WindowsFormsApp1", "WindowsFormsApp1.csproj", "{C7CE29D4-15EA-4B1F-AE85-D4E86161060F}"
EndProject
Global
	GlobalSection(SolutionConfigurationPlatforms) = preSolution
		Debug|Any CPU = Debug|Any CPU
		Release|Any CPU = Release|Any CPU
	EndGlobalSection
	GlobalSection(ProjectConfigurationPlatforms) = postSolution
		{C7CE29D4-15EA-4B1F-AE85-D4E86161060F}.Debug|Any CPU.ActiveCfg = Debug|Any CPU
		{C7CE29D4-15EA-4B1F-AE85-D4E86161060F}.Debug|Any CPU.Build.0 = Debug|Any CPU
		{C7CE29D4-15EA-4B1F-AE85-D4E86161060F}.Release|Any CPU.ActiveCfg = Release|Any CPU
		{C7CE29D4-15EA-4B1F-AE85-D4E86161060F}.Release|Any CPU.Build.0 = Release|Any CPU
	EndGlobalSection
	GlobalSection(SolutionProperties) = preSolution
		HideSolutionNode = FALSE
	EndGlobalSection
	GlobalSection(ExtensibilityGlobals) = postSolution
		SolutionGuid = {8A06D3BA-C48C-4051-8554-F05F0972E9B4}
	EndGlobalSection
EndGlobal
